
Microsoft Visual Studio Solution File, Format Version 12.00
# Visual Studio Version 17
VisualStudioVersion = 17.13.35931.197
MinimumVisualStudioVersion = 10.0.40219.1
Project("{2150E333-8FDC-42A3-9474-1A3956D46DE8}") = "src", "src", "{02EA681E-C7D8-13C7-8484-4AC65E1B71E8}"
EndProject
Project("{2150E333-8FDC-42A3-9474-1A3956D46DE8}") = "test", "test", "{F1E335EC-E58C-4FBC-AB46-591602294E52}"
EndProject
Project("{FAE04EC0-301F-11D3-BF4B-00C04F79EFBC}") = "DialogueEditor", "src\DialogueEditor.csproj", "{B0EF0EAC-06A9-0919-6BB8-F302555D626E}"
EndProject
Global
	GlobalSection(SolutionConfigurationPlatforms) = preSolution
		Debug|Any CPU = Debug|Any CPU
		Release|Any CPU = Release|Any CPU
	EndGlobalSection
	GlobalSection(ProjectConfigurationPlatforms) = postSolution
		{B0EF0EAC-06A9-0919-6BB8-F302555D626E}.Debug|Any CPU.ActiveCfg = Debug|Any CPU
		{B0EF0EAC-06A9-0919-6BB8-F302555D626E}.Debug|Any CPU.Build.0 = Debug|Any CPU
		{B0EF0EAC-06A9-0919-6BB8-F302555D626E}.Release|Any CPU.ActiveCfg = Release|Any CPU
		{B0EF0EAC-06A9-0919-6BB8-F302555D626E}.Release|Any CPU.Build.0 = Release|Any CPU
	EndGlobalSection
	GlobalSection(SolutionProperties) = preSolution
		HideSolutionNode = FALSE
	EndGlobalSection
	GlobalSection(NestedProjects) = preSolution
		{B0EF0EAC-06A9-0919-6BB8-F302555D626E} = {02EA681E-C7D8-13C7-8484-4AC65E1B71E8}
	EndGlobalSection
	GlobalSection(ExtensibilityGlobals) = postSolution
		SolutionGuid = {05F9D8D6-D638-4F58-8A68-89D45EBA7F1D}
	EndGlobalSection
EndGlobal
